// !$*UTF8*$!
{
	archiveVersion = 1;
	classes = {
	};
	objectVersion = 77;
	objects = {

/* Begin PBXBuildFile section */
		324EF2973717F2FCC1E02114 /* Pods_QuickCheck.framework in Frameworks */ = {isa = PBXBuildFile; fileRef = 73A977E3CD07FCE7328D683E /* Pods_QuickCheck.framework */; };
		3CD7D43C7CA1F7E478A3AB80 /* Pods_QuickCheckUITests.framework in Frameworks */ = {isa = PBXBuildFile; fileRef = 414F8777FA035009E1BD1342 /* Pods_QuickCheckUITests.framework */; };
		742D1B73520E025E2E44C350 /* Pods_QuickCheckTests.framework in Frameworks */ = {isa = PBXBuildFile; fileRef = 498CA70350D490A97F6DEBC8 /* Pods_QuickCheckTests.framework */; };
/* End PBXBuildFile section */

/* Begin PBXContainerItemProxy section */
		AEE1279A2CFCE1DC0071EC67 /* PBXContainerItemProxy */ = {
			isa = PBXContainerItemProxy;
			containerPortal = AEE1277B2CFCE1DA0071EC67 /* Project object */;
			proxyType = 1;
			remoteGlobalIDString = AEE127822CFCE1DA0071EC67;
			remoteInfo = QuickCheck;
		};
		AEE127A42CFCE1DC0071EC67 /* PBXContainerItemProxy */ = {
			isa = PBXContainerItemProxy;
			containerPortal = AEE1277B2CFCE1DA0071EC67 /* Project object */;
			proxyType = 1;
			remoteGlobalIDString = AEE127822CFCE1DA0071EC67;
			remoteInfo = QuickCheck;
		};
/* End PBXContainerItemProxy section */

/* Begin PBXFileReference section */
		1ACB815BF70F3D5847B9680C /* Pods-QuickCheckUITests.release.xcconfig */ = {isa = PBXFileReference; includeInIndex = 1; lastKnownFileType = text.xcconfig; name = "Pods-QuickCheckUITests.release.xcconfig"; path = "Target Support Files/Pods-QuickCheckUITests/Pods-QuickCheckUITests.release.xcconfig"; sourceTree = "<group>"; };
		24C81DC35FB445A7FFA0D279 /* Pods-QuickCheckTests.release.xcconfig */ = {isa = PBXFileReference; includeInIndex = 1; lastKnownFileType = text.xcconfig; name = "Pods-QuickCheckTests.release.xcconfig"; path = "Target Support Files/Pods-QuickCheckTests/Pods-QuickCheckTests.release.xcconfig"; sourceTree = "<group>"; };
		308E7E9747870CC3B21B235C /* Pods-QuickCheck.release.xcconfig */ = {isa = PBXFileReference; includeInIndex = 1; lastKnownFileType = text.xcconfig; name = "Pods-QuickCheck.release.xcconfig"; path = "Target Support Files/Pods-QuickCheck/Pods-QuickCheck.release.xcconfig"; sourceTree = "<group>"; };
		414F8777FA035009E1BD1342 /* Pods_QuickCheckUITests.framework */ = {isa = PBXFileReference; explicitFileType = wrapper.framework; includeInIndex = 0; path = Pods_QuickCheckUITests.framework; sourceTree = BUILT_PRODUCTS_DIR; };
		498CA70350D490A97F6DEBC8 /* Pods_QuickCheckTests.framework */ = {isa = PBXFileReference; explicitFileType = wrapper.framework; includeInIndex = 0; path = Pods_QuickCheckTests.framework; sourceTree = BUILT_PRODUCTS_DIR; };
		678BF56374D583C9C4F21E97 /* Pods-QuickCheck.debug.xcconfig */ = {isa = PBXFileReference; includeInIndex = 1; lastKnownFileType = text.xcconfig; name = "Pods-QuickCheck.debug.xcconfig"; path = "Target Support Files/Pods-QuickCheck/Pods-QuickCheck.debug.xcconfig"; sourceTree = "<group>"; };
		73A977E3CD07FCE7328D683E /* Pods_QuickCheck.framework */ = {isa = PBXFileReference; explicitFileType = wrapper.framework; includeInIndex = 0; path = Pods_QuickCheck.framework; sourceTree = BUILT_PRODUCTS_DIR; };
		9777F5EF0F2B2FE02C30E131 /* Pods-QuickCheckUITests.debug.xcconfig */ = {isa = PBXFileReference; includeInIndex = 1; lastKnownFileType = text.xcconfig; name = "Pods-QuickCheckUITests.debug.xcconfig"; path = "Target Support Files/Pods-QuickCheckUITests/Pods-QuickCheckUITests.debug.xcconfig"; sourceTree = "<group>"; };
		AEE127832CFCE1DA0071EC67 /* QuickCheck.app */ = {isa = PBXFileReference; explicitFileType = wrapper.application; includeInIndex = 0; path = QuickCheck.app; sourceTree = BUILT_PRODUCTS_DIR; };
		AEE127992CFCE1DC0071EC67 /* QuickCheckTests.xctest */ = {isa = PBXFileReference; explicitFileType = wrapper.cfbundle; includeInIndex = 0; path = QuickCheckTests.xctest; sourceTree = BUILT_PRODUCTS_DIR; };
		AEE127A32CFCE1DC0071EC67 /* QuickCheckUITests.xctest */ = {isa = PBXFileReference; explicitFileType = wrapper.cfbundle; includeInIndex = 0; path = QuickCheckUITests.xctest; sourceTree = BUILT_PRODUCTS_DIR; };
		C558CAFA55FFAF30EF8E774C /* Pods-QuickCheckTests.debug.xcconfig */ = {isa = PBXFileReference; includeInIndex = 1; lastKnownFileType = text.xcconfig; name = "Pods-QuickCheckTests.debug.xcconfig"; path = "Target Support Files/Pods-QuickCheckTests/Pods-QuickCheckTests.debug.xcconfig"; sourceTree = "<group>"; };
/* End PBXFileReference section */

/* Begin PBXFileSystemSynchronizedBuildFileExceptionSet section */
		AEE127AB2CFCE1DC0071EC67 /* Exceptions for "QuickCheck" folder in "QuickCheck" target */ = {
			isa = PBXFileSystemSynchronizedBuildFileExceptionSet;
			membershipExceptions = (
				Info.plist,
			);
			target = AEE127822CFCE1DA0071EC67 /* QuickCheck */;
		};
/* End PBXFileSystemSynchronizedBuildFileExceptionSet section */

/* Begin PBXFileSystemSynchronizedRootGroup section */
		AEE127852CFCE1DA0071EC67 /* QuickCheck */ = {
			isa = PBXFileSystemSynchronizedRootGroup;
			exceptions = (
				AEE127AB2CFCE1DC0071EC67 /* Exceptions for "QuickCheck" folder in "QuickCheck" target */,
			);
			path = QuickCheck;
			sourceTree = "<group>";
		};
		AEE1279C2CFCE1DC0071EC67 /* QuickCheckTests */ = {
			isa = PBXFileSystemSynchronizedRootGroup;
			path = QuickCheckTests;
			sourceTree = "<group>";
		};
		AEE127A62CFCE1DC0071EC67 /* QuickCheckUITests */ = {
			isa = PBXFileSystemSynchronizedRootGroup;
			path = QuickCheckUITests;
			sourceTree = "<group>";
		};
/* End PBXFileSystemSynchronizedRootGroup section */

/* Begin PBXFrameworksBuildPhase section */
		AEE127802CFCE1DA0071EC67 /* Frameworks */ = {
			isa = PBXFrameworksBuildPhase;
			buildActionMask = 2147483647;
			files = (
				324EF2973717F2FCC1E02114 /* Pods_QuickCheck.framework in Frameworks */,
			);
			runOnlyForDeploymentPostprocessing = 0;
		};
		AEE127962CFCE1DC0071EC67 /* Frameworks */ = {
			isa = PBXFrameworksBuildPhase;
			buildActionMask = 2147483647;
			files = (
				742D1B73520E025E2E44C350 /* Pods_QuickCheckTests.framework in Frameworks */,
			);
			runOnlyForDeploymentPostprocessing = 0;
		};
		AEE127A02CFCE1DC0071EC67 /* Frameworks */ = {
			isa = PBXFrameworksBuildPhase;
			buildActionMask = 2147483647;
			files = (
				3CD7D43C7CA1F7E478A3AB80 /* Pods_QuickCheckUITests.framework in Frameworks */,
			);
			runOnlyForDeploymentPostprocessing = 0;
		};
/* End PBXFrameworksBuildPhase section */

/* Begin PBXGroup section */
		10630EA309670347F0D92F4E /* Frameworks */ = {
			isa = PBXGroup;
			children = (
				73A977E3CD07FCE7328D683E /* Pods_QuickCheck.framework */,
				498CA70350D490A97F6DEBC8 /* Pods_QuickCheckTests.framework */,
				414F8777FA035009E1BD1342 /* Pods_QuickCheckUITests.framework */,
			);
			name = Frameworks;
			sourceTree = "<group>";
		};
		7C19846C43677C3422092254 /* Pods */ = {
			isa = PBXGroup;
			children = (
				678BF56374D583C9C4F21E97 /* Pods-QuickCheck.debug.xcconfig */,
				308E7E9747870CC3B21B235C /* Pods-QuickCheck.release.xcconfig */,
				C558CAFA55FFAF30EF8E774C /* Pods-QuickCheckTests.debug.xcconfig */,
				24C81DC35FB445A7FFA0D279 /* Pods-QuickCheckTests.release.xcconfig */,
				9777F5EF0F2B2FE02C30E131 /* Pods-QuickCheckUITests.debug.xcconfig */,
				1ACB815BF70F3D5847B9680C /* Pods-QuickCheckUITests.release.xcconfig */,
			);
			path = Pods;
			sourceTree = "<group>";
		};
		AEE1277A2CFCE1DA0071EC67 = {
			isa = PBXGroup;
			children = (
				AEE127852CFCE1DA0071EC67 /* QuickCheck */,
				AEE1279C2CFCE1DC0071EC67 /* QuickCheckTests */,
				AEE127A62CFCE1DC0071EC67 /* QuickCheckUITests */,
				AEE127842CFCE1DA0071EC67 /* Products */,
				7C19846C43677C3422092254 /* Pods */,
				10630EA309670347F0D92F4E /* Frameworks */,
			);
			sourceTree = "<group>";
		};
		AEE127842CFCE1DA0071EC67 /* Products */ = {
			isa = PBXGroup;
			children = (
				AEE127832CFCE1DA0071EC67 /* QuickCheck.app */,
				AEE127992CFCE1DC0071EC67 /* QuickCheckTests.xctest */,
				AEE127A32CFCE1DC0071EC67 /* QuickCheckUITests.xctest */,
			);
			name = Products;
			sourceTree = "<group>";
		};
/* End PBXGroup section */

/* Begin PBXNativeTarget section */
		AEE127822CFCE1DA0071EC67 /* QuickCheck */ = {
			isa = PBXNativeTarget;
			buildConfigurationList = AEE127AC2CFCE1DC0071EC67 /* Build configuration list for PBXNativeTarget "QuickCheck" */;
			buildPhases = (
				632142891601737B8FA7B8D9 /* [CP] Check Pods Manifest.lock */,
				AEE1277F2CFCE1DA0071EC67 /* Sources */,
				AEE127802CFCE1DA0071EC67 /* Frameworks */,
				AEE127812CFCE1DA0071EC67 /* Resources */,
				02EDC16B5323C843499A1E53 /* [CP] Embed Pods Frameworks */,
			);
			buildRules = (
			);
			dependencies = (
			);
			fileSystemSynchronizedGroups = (
				AEE127852CFCE1DA0071EC67 /* QuickCheck */,
			);
			name = QuickCheck;
			productName = QuickCheck;
			productReference = AEE127832CFCE1DA0071EC67 /* QuickCheck.app */;
			productType = "com.apple.product-type.application";
		};
		AEE127982CFCE1DC0071EC67 /* QuickCheckTests */ = {
			isa = PBXNativeTarget;
			buildConfigurationList = AEE127B12CFCE1DC0071EC67 /* Build configuration list for PBXNativeTarget "QuickCheckTests" */;
			buildPhases = (
				AB82AE994EB24BE316E6C4C3 /* [CP] Check Pods Manifest.lock */,
				AEE127952CFCE1DC0071EC67 /* Sources */,
				AEE127962CFCE1DC0071EC67 /* Frameworks */,
				AEE127972CFCE1DC0071EC67 /* Resources */,
			);
			buildRules = (
			);
			dependencies = (
				AEE1279B2CFCE1DC0071EC67 /* PBXTargetDependency */,
			);
			fileSystemSynchronizedGroups = (
				AEE1279C2CFCE1DC0071EC67 /* QuickCheckTests */,
			);
			name = QuickCheckTests;
			productName = QuickCheckTests;
			productReference = AEE127992CFCE1DC0071EC67 /* QuickCheckTests.xctest */;
			productType = "com.apple.product-type.bundle.unit-test";
		};
		AEE127A22CFCE1DC0071EC67 /* QuickCheckUITests */ = {
			isa = PBXNativeTarget;
			buildConfigurationList = AEE127B42CFCE1DC0071EC67 /* Build configuration list for PBXNativeTarget "QuickCheckUITests" */;
			buildPhases = (
				83A54764D31D6E03AF602CEE /* [CP] Check Pods Manifest.lock */,
				AEE1279F2CFCE1DC0071EC67 /* Sources */,
				AEE127A02CFCE1DC0071EC67 /* Frameworks */,
				AEE127A12CFCE1DC0071EC67 /* Resources */,
			);
			buildRules = (
			);
			dependencies = (
				AEE127A52CFCE1DC0071EC67 /* PBXTargetDependency */,
			);
			fileSystemSynchronizedGroups = (
				AEE127A62CFCE1DC0071EC67 /* QuickCheckUITests */,
			);
			name = QuickCheckUITests;
			productName = QuickCheckUITests;
			productReference = AEE127A32CFCE1DC0071EC67 /* QuickCheckUITests.xctest */;
			productType = "com.apple.product-type.bundle.ui-testing";
		};
/* End PBXNativeTarget section */

/* Begin PBXProject section */
		AEE1277B2CFCE1DA0071EC67 /* Project object */ = {
			isa = PBXProject;
			attributes = {
				BuildIndependentTargetsInParallel = 1;
				LastSwiftUpdateCheck = 1600;
				LastUpgradeCheck = 1600;
				TargetAttributes = {
					AEE127822CFCE1DA0071EC67 = {
						CreatedOnToolsVersion = 16.0;
					};
					AEE127982CFCE1DC0071EC67 = {
						CreatedOnToolsVersion = 16.0;
						TestTargetID = AEE127822CFCE1DA0071EC67;
					};
					AEE127A22CFCE1DC0071EC67 = {
						CreatedOnToolsVersion = 16.0;
						TestTargetID = AEE127822CFCE1DA0071EC67;
					};
				};
			};
			buildConfigurationList = AEE1277E2CFCE1DA0071EC67 /* Build configuration list for PBXProject "QuickCheck" */;
			developmentRegion = en;
			hasScannedForEncodings = 0;
			knownRegions = (
				en,
				Base,
			);
			mainGroup = AEE1277A2CFCE1DA0071EC67;
			minimizedProjectReferenceProxies = 1;
			preferredProjectObjectVersion = 77;
			productRefGroup = AEE127842CFCE1DA0071EC67 /* Products */;
			projectDirPath = "";
			projectRoot = "";
			targets = (
				AEE127822CFCE1DA0071EC67 /* QuickCheck */,
				AEE127982CFCE1DC0071EC67 /* QuickCheckTests */,
				AEE127A22CFCE1DC0071EC67 /* QuickCheckUITests */,
			);
		};
/* End PBXProject section */

/* Begin PBXResourcesBuildPhase section */
		AEE127812CFCE1DA0071EC67 /* Resources */ = {
			isa = PBXResourcesBuildPhase;
			buildActionMask = 2147483647;
			files = (
			);
			runOnlyForDeploymentPostprocessing = 0;
		};
		AEE127972CFCE1DC0071EC67 /* Resources */ = {
			isa = PBXResourcesBuildPhase;
			buildActionMask = 2147483647;
			files = (
			);
			runOnlyForDeploymentPostprocessing = 0;
		};
		AEE127A12CFCE1DC0071EC67 /* Resources */ = {
			isa = PBXResourcesBuildPhase;
			buildActionMask = 2147483647;
			files = (
			);
			runOnlyForDeploymentPostprocessing = 0;
		};
/* End PBXResourcesBuildPhase section */

/* Begin PBXShellScriptBuildPhase section */
		02EDC16B5323C843499A1E53 /* [CP] Embed Pods Frameworks */ = {
			isa = PBXShellScriptBuildPhase;
			buildActionMask = 2147483647;
			files = (
			);
			inputFileListPaths = (
				"${PODS_ROOT}/Target Support Files/Pods-QuickCheck/Pods-QuickCheck-frameworks-${CONFIGURATION}-input-files.xcfilelist",
			);
			name = "[CP] Embed Pods Frameworks";
			outputFileListPaths = (
				"${PODS_ROOT}/Target Support Files/Pods-QuickCheck/Pods-QuickCheck-frameworks-${CONFIGURATION}-output-files.xcfilelist",
			);
			runOnlyForDeploymentPostprocessing = 0;
			shellPath = /bin/sh;
			shellScript = "\"${PODS_ROOT}/Target Support Files/Pods-QuickCheck/Pods-QuickCheck-frameworks.sh\"\n";
			showEnvVarsInLog = 0;
		};
		632142891601737B8FA7B8D9 /* [CP] Check Pods Manifest.lock */ = {
			isa = PBXShellScriptBuildPhase;
			buildActionMask = 2147483647;
			files = (
			);
			inputFileListPaths = (
			);
			inputPaths = (
				"${PODS_PODFILE_DIR_PATH}/Podfile.lock",
				"${PODS_ROOT}/Manifest.lock",
			);
			name = "[CP] Check Pods Manifest.lock";
			outputFileListPaths = (
			);
			outputPaths = (
				"$(DERIVED_FILE_DIR)/Pods-QuickCheck-checkManifestLockResult.txt",
			);
			runOnlyForDeploymentPostprocessing = 0;
			shellPath = /bin/sh;
			shellScript = "diff \"${PODS_PODFILE_DIR_PATH}/Podfile.lock\" \"${PODS_ROOT}/Manifest.lock\" > /dev/null\nif [ $? != 0 ] ; then\n    # print error to STDERR\n    echo \"error: The sandbox is not in sync with the Podfile.lock. Run 'pod install' or update your CocoaPods installation.\" >&2\n    exit 1\nfi\n# This output is used by Xcode 'outputs' to avoid re-running this script phase.\necho \"SUCCESS\" > \"${SCRIPT_OUTPUT_FILE_0}\"\n";
			showEnvVarsInLog = 0;
		};
		83A54764D31D6E03AF602CEE /* [CP] Check Pods Manifest.lock */ = {
			isa = PBXShellScriptBuildPhase;
			buildActionMask = 2147483647;
			files = (
			);
			inputFileListPaths = (
			);
			inputPaths = (
				"${PODS_PODFILE_DIR_PATH}/Podfile.lock",
				"${PODS_ROOT}/Manifest.lock",
			);
			name = "[CP] Check Pods Manifest.lock";
			outputFileListPaths = (
			);
			outputPaths = (
				"$(DERIVED_FILE_DIR)/Pods-QuickCheckUITests-checkManifestLockResult.txt",
			);
			runOnlyForDeploymentPostprocessing = 0;
			shellPath = /bin/sh;
			shellScript = "diff \"${PODS_PODFILE_DIR_PATH}/Podfile.lock\" \"${PODS_ROOT}/Manifest.lock\" > /dev/null\nif [ $? != 0 ] ; then\n    # print error to STDERR\n    echo \"error: The sandbox is not in sync with the Podfile.lock. Run 'pod install' or update your CocoaPods installation.\" >&2\n    exit 1\nfi\n# This output is used by Xcode 'outputs' to avoid re-running this script phase.\necho \"SUCCESS\" > \"${SCRIPT_OUTPUT_FILE_0}\"\n";
			showEnvVarsInLog = 0;
		};
		AB82AE994EB24BE316E6C4C3 /* [CP] Check Pods Manifest.lock */ = {
			isa = PBXShellScriptBuildPhase;
			buildActionMask = 2147483647;
			files = (
			);
			inputFileListPaths = (
			);
			inputPaths = (
				"${PODS_PODFILE_DIR_PATH}/Podfile.lock",
				"${PODS_ROOT}/Manifest.lock",
			);
			name = "[CP] Check Pods Manifest.lock";
			outputFileListPaths = (
			);
			outputPaths = (
				"$(DERIVED_FILE_DIR)/Pods-QuickCheckTests-checkManifestLockResult.txt",
			);
			runOnlyForDeploymentPostprocessing = 0;
			shellPath = /bin/sh;
			shellScript = "diff \"${PODS_PODFILE_DIR_PATH}/Podfile.lock\" \"${PODS_ROOT}/Manifest.lock\" > /dev/null\nif [ $? != 0 ] ; then\n    # print error to STDERR\n    echo \"error: The sandbox is not in sync with the Podfile.lock. Run 'pod install' or update your CocoaPods installation.\" >&2\n    exit 1\nfi\n# This output is used by Xcode 'outputs' to avoid re-running this script phase.\necho \"SUCCESS\" > \"${SCRIPT_OUTPUT_FILE_0}\"\n";
			showEnvVarsInLog = 0;
		};
/* End PBXShellScriptBuildPhase section */

/* Begin PBXSourcesBuildPhase section */
		AEE1277F2CFCE1DA0071EC67 /* Sources */ = {
			isa = PBXSourcesBuildPhase;
			buildActionMask = 2147483647;
			files = (
			);
			runOnlyForDeploymentPostprocessing = 0;
		};
		AEE127952CFCE1DC0071EC67 /* Sources */ = {
			isa = PBXSourcesBuildPhase;
			buildActionMask = 2147483647;
			files = (
			);
			runOnlyForDeploymentPostprocessing = 0;
		};
		AEE1279F2CFCE1DC0071EC67 /* Sources */ = {
			isa = PBXSourcesBuildPhase;
			buildActionMask = 2147483647;
			files = (
			);
			runOnlyForDeploymentPostprocessing = 0;
		};
/* End PBXSourcesBuildPhase section */

/* Begin PBXTargetDependency section */
		AEE1279B2CFCE1DC0071EC67 /* PBXTargetDependency */ = {
			isa = PBXTargetDependency;
			target = AEE127822CFCE1DA0071EC67 /* QuickCheck */;
			targetProxy = AEE1279A2CFCE1DC0071EC67 /* PBXContainerItemProxy */;
		};
		AEE127A52CFCE1DC0071EC67 /* PBXTargetDependency */ = {
			isa = PBXTargetDependency;
			target = AEE127822CFCE1DA0071EC67 /* QuickCheck */;
			targetProxy = AEE127A42CFCE1DC0071EC67 /* PBXContainerItemProxy */;
		};
/* End PBXTargetDependency section */

/* Begin XCBuildConfiguration section */
		AEE127AD2CFCE1DC0071EC67 /* Debug */ = {
			isa = XCBuildConfiguration;
			baseConfigurationReference = 678BF56374D583C9C4F21E97 /* Pods-QuickCheck.debug.xcconfig */;
			buildSettings = {
				ASSETCATALOG_COMPILER_APPICON_NAME = AppIcon;
				ASSETCATALOG_COMPILER_GLOBAL_ACCENT_COLOR_NAME = AccentColor;
				CODE_SIGN_STYLE = Automatic;
				CURRENT_PROJECT_VERSION = 1;
				DEVELOPMENT_TEAM = AA9MPD5WKH;
				ENABLE_APP_SANDBOX = NO;
				ENABLE_USER_SCRIPT_SANDBOXING = NO;
				GENERATE_INFOPLIST_FILE = YES;
				INFOPLIST_FILE = QuickCheck/Info.plist;
				INFOPLIST_KEY_UIApplicationSupportsIndirectInputEvents = YES;
				INFOPLIST_KEY_UILaunchStoryboardName = LaunchScreen;
				INFOPLIST_KEY_UIMainStoryboardFile = Main;
				INFOPLIST_KEY_UISupportedInterfaceOrientations_iPad = "UIInterfaceOrientationPortrait UIInterfaceOrientationPortraitUpsideDown UIInterfaceOrientationLandscapeLeft UIInterfaceOrientationLandscapeRight";
				INFOPLIST_KEY_UISupportedInterfaceOrientations_iPhone = "UIInterfaceOrientationPortrait UIInterfaceOrientationLandscapeLeft UIInterfaceOrientationLandscapeRight";
				LD_RUNPATH_SEARCH_PATHS = (
					"$(inherited)",
					"@executable_path/Frameworks",
				);
				MARKETING_VERSION = 1.0;
				PRODUCT_BUNDLE_IDENTIFIER = com.sakshi.QuickCheck;
				PRODUCT_NAME = "$(TARGET_NAME)";
				SWIFT_EMIT_LOC_STRINGS = YES;
				SWIFT_VERSION = 5.0;
				TARGETED_DEVICE_FAMILY = "1,2";
			};
			name = Debug;
		};
		AEE127AE2CFCE1DC0071EC67 /* Release */ = {
			isa = XCBuildConfiguration;
			baseConfigurationReference = 308E7E9747870CC3B21B235C /* Pods-QuickCheck.release.xcconfig */;
			buildSettings = {
				ASSETCATALOG_COMPILER_APPICON_NAME = AppIcon;
				ASSETCATALOG_COMPILER_GLOBAL_ACCENT_COLOR_NAME = AccentColor;
				CODE_SIGN_STYLE = Automatic;
				CURRENT_PROJECT_VERSION = 1;
				DEVELOPMENT_TEAM = AA9MPD5WKH;
				ENABLE_APP_SANDBOX = NO;
				ENABLE_USER_SCRIPT_SANDBOXING = NO;
				GENERATE_INFOPLIST_FILE = YES;
				INFOPLIST_FILE = QuickCheck/Info.plist;
				INFOPLIST_KEY_UIApplicationSupportsIndirectInputEvents = YES;
				INFOPLIST_KEY_UILaunchStoryboardName = LaunchScreen;
				INFOPLIST_KEY_UIMainStoryboardFile = Main;
				INFOPLIST_KEY_UISupportedInterfaceOrientations_iPad = "UIInterfaceOrientationPortrait UIInterfaceOrientationPortraitUpsideDown UIInterfaceOrientationLandscapeLeft UIInterfaceOrientationLandscapeRight";
				INFOPLIST_KEY_UISupportedInterfaceOrientations_iPhone = "UIInterfaceOrientationPortrait UIInterfaceOrientationLandscapeLeft UIInterfaceOrientationLandscapeRight";
				LD_RUNPATH_SEARCH_PATHS = (
					"$(inherited)",
					"@executable_path/Frameworks",
				);
				MARKETING_VERSION = 1.0;
				PRODUCT_BUNDLE_IDENTIFIER = com.sakshi.QuickCheck;
				PRODUCT_NAME = "$(TARGET_NAME)";
				SWIFT_EMIT_LOC_STRINGS = YES;
				SWIFT_VERSION = 5.0;
				TARGETED_DEVICE_FAMILY = "1,2";
			};
			name = Release;
		};
		AEE127AF2CFCE1DC0071EC67 /* Debug */ = {
			isa = XCBuildConfiguration;
			buildSettings = {
				ALWAYS_SEARCH_USER_PATHS = NO;
				ASSETCATALOG_COMPILER_GENERATE_SWIFT_ASSET_SYMBOL_EXTENSIONS = YES;
				CLANG_ANALYZER_NONNULL = YES;
				CLANG_ANALYZER_NUMBER_OBJECT_CONVERSION = YES_AGGRESSIVE;
				CLANG_CXX_LANGUAGE_STANDARD = "gnu++20";
				CLANG_ENABLE_MODULES = YES;
				CLANG_ENABLE_OBJC_ARC = YES;
				CLANG_ENABLE_OBJC_WEAK = YES;
				CLANG_WARN_BLOCK_CAPTURE_AUTORELEASING = YES;
				CLANG_WARN_BOOL_CONVERSION = YES;
				CLANG_WARN_COMMA = YES;
				CLANG_WARN_CONSTANT_CONVERSION = YES;
				CLANG_WARN_DEPRECATED_OBJC_IMPLEMENTATIONS = YES;
				CLANG_WARN_DIRECT_OBJC_ISA_USAGE = YES_ERROR;
				CLANG_WARN_DOCUMENTATION_COMMENTS = YES;
				CLANG_WARN_EMPTY_BODY = YES;
				CLANG_WARN_ENUM_CONVERSION = YES;
				CLANG_WARN_INFINITE_RECURSION = YES;
				CLANG_WARN_INT_CONVERSION = YES;
				CLANG_WARN_NON_LITERAL_NULL_CONVERSION = YES;
				CLANG_WARN_OBJC_IMPLICIT_RETAIN_SELF = YES;
				CLANG_WARN_OBJC_LITERAL_CONVERSION = YES;
				CLANG_WARN_OBJC_ROOT_CLASS = YES_ERROR;
				CLANG_WARN_QUOTED_INCLUDE_IN_FRAMEWORK_HEADER = YES;
				CLANG_WARN_RANGE_LOOP_ANALYSIS = YES;
				CLANG_WARN_STRICT_PROTOTYPES = YES;
				CLANG_WARN_SUSPICIOUS_MOVE = YES;
				CLANG_WARN_UNGUARDED_AVAILABILITY = YES_AGGRESSIVE;
				CLANG_WARN_UNREACHABLE_CODE = YES;
				CLANG_WARN__DUPLICATE_METHOD_MATCH = YES;
				COPY_PHASE_STRIP = NO;
				DEBUG_INFORMATION_FORMAT = dwarf;
				ENABLE_STRICT_OBJC_MSGSEND = YES;
				ENABLE_TESTABILITY = YES;
				ENABLE_USER_SCRIPT_SANDBOXING = YES;
				GCC_C_LANGUAGE_STANDARD = gnu17;
				GCC_DYNAMIC_NO_PIC = NO;
				GCC_NO_COMMON_BLOCKS = YES;
				GCC_OPTIMIZATION_LEVEL = 0;
				GCC_PREPROCESSOR_DEFINITIONS = (
					"DEBUG=1",
					"$(inherited)",
				);
				GCC_WARN_64_TO_32_BIT_CONVERSION = YES;
				GCC_WARN_ABOUT_RETURN_TYPE = YES_ERROR;
				GCC_WARN_UNDECLARED_SELECTOR = YES;
				GCC_WARN_UNINITIALIZED_AUTOS = YES_AGGRESSIVE;
				GCC_WARN_UNUSED_FUNCTION = YES;
				GCC_WARN_UNUSED_VARIABLE = YES;
				IPHONEOS_DEPLOYMENT_TARGET = 18.0;
				LOCALIZATION_PREFERS_STRING_CATALOGS = YES;
				MTL_ENABLE_DEBUG_INFO = INCLUDE_SOURCE;
				MTL_FAST_MATH = YES;
				ONLY_ACTIVE_ARCH = YES;
				SDKROOT = iphoneos;
				SWIFT_ACTIVE_COMPILATION_CONDITIONS = "DEBUG $(inherited)";
				SWIFT_OPTIMIZATION_LEVEL = "-Onone";
			};
			name = Debug;
		};
		AEE127B02CFCE1DC0071EC67 /* Release */ = {
			isa = XCBuildConfiguration;
			buildSettings = {
				ALWAYS_SEARCH_USER_PATHS = NO;
				ASSETCATALOG_COMPILER_GENERATE_SWIFT_ASSET_SYMBOL_EXTENSIONS = YES;
				CLANG_ANALYZER_NONNULL = YES;
				CLANG_ANALYZER_NUMBER_OBJECT_CONVERSION = YES_AGGRESSIVE;
				CLANG_CXX_LANGUAGE_STANDARD = "gnu++20";
				CLANG_ENABLE_MODULES = YES;
				CLANG_ENABLE_OBJC_ARC = YES;
				CLANG_ENABLE_OBJC_WEAK = YES;
				CLANG_WARN_BLOCK_CAPTURE_AUTORELEASING = YES;
				CLANG_WARN_BOOL_CONVERSION = YES;
				CLANG_WARN_COMMA = YES;
				CLANG_WARN_CONSTANT_CONVERSION = YES;
				CLANG_WARN_DEPRECATED_OBJC_IMPLEMENTATIONS = YES;
				CLANG_WARN_DIRECT_OBJC_ISA_USAGE = YES_ERROR;
				CLANG_WARN_DOCUMENTATION_COMMENTS = YES;
				CLANG_WARN_EMPTY_BODY = YES;
				CLANG_WARN_ENUM_CONVERSION = YES;
				CLANG_WARN_INFINITE_RECURSION = YES;
				CLANG_WARN_INT_CONVERSION = YES;
				CLANG_WARN_NON_LITERAL_NULL_CONVERSION = YES;
				CLANG_WARN_OBJC_IMPLICIT_RETAIN_SELF = YES;
				CLANG_WARN_OBJC_LITERAL_CONVERSION = YES;
				CLANG_WARN_OBJC_ROOT_CLASS = YES_ERROR;
				CLANG_WARN_QUOTED_INCLUDE_IN_FRAMEWORK_HEADER = YES;
				CLANG_WARN_RANGE_LOOP_ANALYSIS = YES;
				CLANG_WARN_STRICT_PROTOTYPES = YES;
				CLANG_WARN_SUSPICIOUS_MOVE = YES;
				CLANG_WARN_UNGUARDED_AVAILABILITY = YES_AGGRESSIVE;
				CLANG_WARN_UNREACHABLE_CODE = YES;
				CLANG_WARN__DUPLICATE_METHOD_MATCH = YES;
				COPY_PHASE_STRIP = NO;
				DEBUG_INFORMATION_FORMAT = "dwarf-with-dsym";
				ENABLE_NS_ASSERTIONS = NO;
				ENABLE_STRICT_OBJC_MSGSEND = YES;
				ENABLE_USER_SCRIPT_SANDBOXING = YES;
				GCC_C_LANGUAGE_STANDARD = gnu17;
				GCC_NO_COMMON_BLOCKS = YES;
				GCC_WARN_64_TO_32_BIT_CONVERSION = YES;
				GCC_WARN_ABOUT_RETURN_TYPE = YES_ERROR;
				GCC_WARN_UNDECLARED_SELECTOR = YES;
				GCC_WARN_UNINITIALIZED_AUTOS = YES_AGGRESSIVE;
				GCC_WARN_UNUSED_FUNCTION = YES;
				GCC_WARN_UNUSED_VARIABLE = YES;
				IPHONEOS_DEPLOYMENT_TARGET = 18.0;
				LOCALIZATION_PREFERS_STRING_CATALOGS = YES;
				MTL_ENABLE_DEBUG_INFO = NO;
				MTL_FAST_MATH = YES;
				SDKROOT = iphoneos;
				SWIFT_COMPILATION_MODE = wholemodule;
				VALIDATE_PRODUCT = YES;
			};
			name = Release;
		};
		AEE127B22CFCE1DC0071EC67 /* Debug */ = {
			isa = XCBuildConfiguration;
			baseConfigurationReference = C558CAFA55FFAF30EF8E774C /* Pods-QuickCheckTests.debug.xcconfig */;
			buildSettings = {
				BUNDLE_LOADER = "$(TEST_HOST)";
				CODE_SIGN_STYLE = Automatic;
				CURRENT_PROJECT_VERSION = 1;
				DEVELOPMENT_TEAM = AA9MPD5WKH;
				GENERATE_INFOPLIST_FILE = YES;
				IPHONEOS_DEPLOYMENT_TARGET = 18.0;
				MARKETING_VERSION = 1.0;
				PRODUCT_BUNDLE_IDENTIFIER = com.sakshi.QuickCheckTests;
				PRODUCT_NAME = "$(TARGET_NAME)";
				SWIFT_EMIT_LOC_STRINGS = NO;
				SWIFT_VERSION = 5.0;
				TARGETED_DEVICE_FAMILY = "1,2";
				TEST_HOST = "$(BUILT_PRODUCTS_DIR)/QuickCheck.app/$(BUNDLE_EXECUTABLE_FOLDER_PATH)/QuickCheck";
			};
			name = Debug;
		};
		AEE127B32CFCE1DC0071EC67 /* Release */ = {
			isa = XCBuildConfiguration;
			baseConfigurationReference = 24C81DC35FB445A7FFA0D279 /* Pods-QuickCheckTests.release.xcconfig */;
			buildSettings = {
				BUNDLE_LOADER = "$(TEST_HOST)";
				CODE_SIGN_STYLE = Automatic;
				CURRENT_PROJECT_VERSION = 1;
				DEVELOPMENT_TEAM = AA9MPD5WKH;
				GENERATE_INFOPLIST_FILE = YES;
				IPHONEOS_DEPLOYMENT_TARGET = 18.0;
				MARKETING_VERSION = 1.0;
				PRODUCT_BUNDLE_IDENTIFIER = com.sakshi.QuickCheckTests;
				PRODUCT_NAME = "$(TARGET_NAME)";
				SWIFT_EMIT_LOC_STRINGS = NO;
				SWIFT_VERSION = 5.0;
				TARGETED_DEVICE_FAMILY = "1,2";
				TEST_HOST = "$(BUILT_PRODUCTS_DIR)/QuickCheck.app/$(BUNDLE_EXECUTABLE_FOLDER_PATH)/QuickCheck";
			};
			name = Release;
		};
		AEE127B52CFCE1DC0071EC67 /* Debug */ = {
			isa = XCBuildConfiguration;
			baseConfigurationReference = 9777F5EF0F2B2FE02C30E131 /* Pods-QuickCheckUITests.debug.xcconfig */;
			buildSettings = {
				CODE_SIGN_STYLE = Automatic;
				CURRENT_PROJECT_VERSION = 1;
				DEVELOPMENT_TEAM = AA9MPD5WKH;
				GENERATE_INFOPLIST_FILE = YES;
				MARKETING_VERSION = 1.0;
				PRODUCT_BUNDLE_IDENTIFIER = com.sakshi.QuickCheckUITests;
				PRODUCT_NAME = "$(TARGET_NAME)";
				SWIFT_EMIT_LOC_STRINGS = NO;
				SWIFT_VERSION = 5.0;
				TARGETED_DEVICE_FAMILY = "1,2";
				TEST_TARGET_NAME = QuickCheck;
			};
			name = Debug;
		};
		AEE127B62CFCE1DC0071EC67 /* Release */ = {
			isa = XCBuildConfiguration;
			baseConfigurationReference = 1ACB815BF70F3D5847B9680C /* Pods-QuickCheckUITests.release.xcconfig */;
			buildSettings = {
				CODE_SIGN_STYLE = Automatic;
				CURRENT_PROJECT_VERSION = 1;
				DEVELOPMENT_TEAM = AA9MPD5WKH;
				GENERATE_INFOPLIST_FILE = YES;
				MARKETING_VERSION = 1.0;
				PRODUCT_BUNDLE_IDENTIFIER = com.sakshi.QuickCheckUITests;
				PRODUCT_NAME = "$(TARGET_NAME)";
				SWIFT_EMIT_LOC_STRINGS = NO;
				SWIFT_VERSION = 5.0;
				TARGETED_DEVICE_FAMILY = "1,2";
				TEST_TARGET_NAME = QuickCheck;
			};
			name = Release;
		};
/* End XCBuildConfiguration section */

/* Begin XCConfigurationList section */
		AEE1277E2CFCE1DA0071EC67 /* Build configuration list for PBXProject "QuickCheck" */ = {
			isa = XCConfigurationList;
			buildConfigurations = (
				AEE127AF2CFCE1DC0071EC67 /* Debug */,
				AEE127B02CFCE1DC0071EC67 /* Release */,
			);
			defaultConfigurationIsVisible = 0;
			defaultConfigurationName = Release;
		};
		AEE127AC2CFCE1DC0071EC67 /* Build configuration list for PBXNativeTarget "QuickCheck" */ = {
			isa = XCConfigurationList;
			buildConfigurations = (
				AEE127AD2CFCE1DC0071EC67 /* Debug */,
				AEE127AE2CFCE1DC0071EC67 /* Release */,
			);
			defaultConfigurationIsVisible = 0;
			defaultConfigurationName = Release;
		};
		AEE127B12CFCE1DC0071EC67 /* Build configuration list for PBXNativeTarget "QuickCheckTests" */ = {
			isa = XCConfigurationList;
			buildConfigurations = (
				AEE127B22CFCE1DC0071EC67 /* Debug */,
				AEE127B32CFCE1DC0071EC67 /* Release */,
			);
			defaultConfigurationIsVisible = 0;
			defaultConfigurationName = Release;
		};
		AEE127B42CFCE1DC0071EC67 /* Build configuration list for PBXNativeTarget "QuickCheckUITests" */ = {
			isa = XCConfigurationList;
			buildConfigurations = (
				AEE127B52CFCE1DC0071EC67 /* Debug */,
				AEE127B62CFCE1DC0071EC67 /* Release */,
			);
			defaultConfigurationIsVisible = 0;
			defaultConfigurationName = Release;
		};
/* End XCConfigurationList section */
	};
	rootObject = AEE1277B2CFCE1DA0071EC67 /* Project object */;
}
